// !$*UTF8*$!
{
	archiveVersion = 1;
	classes = {
	};
	objectVersion = 46;
	objects = {

/* Begin PBXBuildFile section */
		48A656B518163BF200746D36 /* Foundation.framework in Frameworks */ = {isa = PBXBuildFile; fileRef = 48A656B418163BF200746D36 /* Foundation.framework */; };
		48A656B718163BF200746D36 /* CoreGraphics.framework in Frameworks */ = {isa = PBXBuildFile; fileRef = 48A656B618163BF200746D36 /* CoreGraphics.framework */; };
		48A656B918163BF200746D36 /* UIKit.framework in Frameworks */ = {isa = PBXBuildFile; fileRef = 48A656B818163BF200746D36 /* UIKit.framework */; };
		48A656BF18163BF200746D36 /* InfoPlist.strings in Resources */ = {isa = PBXBuildFile; fileRef = 48A656BD18163BF200746D36 /* InfoPlist.strings */; };
		48A656C118163BF200746D36 /* main.m in Sources */ = {isa = PBXBuildFile; fileRef = 48A656C018163BF200746D36 /* main.m */; settings = {COMPILER_FLAGS = "-fno-objc-arc"; }; };
		48A656C518163BF200746D36 /* NavControllerAppDelegate.m in Sources */ = {isa = PBXBuildFile; fileRef = 48A656C418163BF200746D36 /* NavControllerAppDelegate.m */; settings = {COMPILER_FLAGS = "-fno-objc-arc"; }; };
		48A656C718163BF200746D36 /* Images.xcassets in Resources */ = {isa = PBXBuildFile; fileRef = 48A656C618163BF200746D36 /* Images.xcassets */; };
		48A656CE18163BF200746D36 /* XCTest.framework in Frameworks */ = {isa = PBXBuildFile; fileRef = 48A656CD18163BF200746D36 /* XCTest.framework */; };
		48A656CF18163BF200746D36 /* Foundation.framework in Frameworks */ = {isa = PBXBuildFile; fileRef = 48A656B418163BF200746D36 /* Foundation.framework */; };
		48A656D018163BF200746D36 /* UIKit.framework in Frameworks */ = {isa = PBXBuildFile; fileRef = 48A656B818163BF200746D36 /* UIKit.framework */; };
		48A656D818163BF200746D36 /* InfoPlist.strings in Resources */ = {isa = PBXBuildFile; fileRef = 48A656D618163BF200746D36 /* InfoPlist.strings */; };
		48A656DA18163BF200746D36 /* NavCtrlTests.m in Sources */ = {isa = PBXBuildFile; fileRef = 48A656D918163BF200746D36 /* NavCtrlTests.m */; };
		48A656E618163C1B00746D36 /* CompanyViewController.m in Sources */ = {isa = PBXBuildFile; fileRef = 48A656E418163C1B00746D36 /* CompanyViewController.m */; settings = {COMPILER_FLAGS = "-fno-objc-arc"; }; };
		48A656E718163C1B00746D36 /* CompanyViewController.xib in Resources */ = {isa = PBXBuildFile; fileRef = 48A656E518163C1B00746D36 /* CompanyViewController.xib */; };
		48A656EB18163F8700746D36 /* ProductViewController.m in Sources */ = {isa = PBXBuildFile; fileRef = 48A656E918163F8700746D36 /* ProductViewController.m */; settings = {COMPILER_FLAGS = "-fno-objc-arc"; }; };
		48A656EE1816468000746D36 /* Sunflower.gif in Resources */ = {isa = PBXBuildFile; fileRef = 48A656ED1816468000746D36 /* Sunflower.gif */; };
		AA7869311D6B8A7900FCD9AC /* appleipad.gif in Resources */ = {isa = PBXBuildFile; fileRef = AA7869211D6B8A7900FCD9AC /* appleipad.gif */; };
		AA7869321D6B8A7900FCD9AC /* appleiphone.jpg in Resources */ = {isa = PBXBuildFile; fileRef = AA7869221D6B8A7900FCD9AC /* appleiphone.jpg */; };
		AA7869331D6B8A7900FCD9AC /* appleipodtouch.gif in Resources */ = {isa = PBXBuildFile; fileRef = AA7869231D6B8A7900FCD9AC /* appleipodtouch.gif */; };
		AA7869341D6B8A7900FCD9AC /* google_gmail.png in Resources */ = {isa = PBXBuildFile; fileRef = AA7869241D6B8A7900FCD9AC /* google_gmail.png */; };
		AA7869351D6B8A7900FCD9AC /* Google_Maps_Icon.png in Resources */ = {isa = PBXBuildFile; fileRef = AA7869251D6B8A7900FCD9AC /* Google_Maps_Icon.png */; };
		AA7869361D6B8A7900FCD9AC /* google-adwords-logo.png in Resources */ = {isa = PBXBuildFile; fileRef = AA7869261D6B8A7900FCD9AC /* google-adwords-logo.png */; };
		AA7869371D6B8A7900FCD9AC /* img-Product-01.png in Resources */ = {isa = PBXBuildFile; fileRef = AA7869271D6B8A7900FCD9AC /* img-Product-01.png */; };
		AA7869381D6B8A7900FCD9AC /* img-Product-01@1x.pdf in Resources */ = {isa = PBXBuildFile; fileRef = AA7869281D6B8A7900FCD9AC /* img-Product-01@1x.pdf */; };
		AA7869391D6B8A7900FCD9AC /* img-Product-01@2x.png in Resources */ = {isa = PBXBuildFile; fileRef = AA7869291D6B8A7900FCD9AC /* img-Product-01@2x.png */; };
		AA78693A1D6B8A7900FCD9AC /* img-Product-01@3x.png in Resources */ = {isa = PBXBuildFile; fileRef = AA78692A1D6B8A7900FCD9AC /* img-Product-01@3x.png */; };
		AA78693B1D6B8A7900FCD9AC /* teslamodel3.jpg in Resources */ = {isa = PBXBuildFile; fileRef = AA78692B1D6B8A7900FCD9AC /* teslamodel3.jpg */; };
		AA78693C1D6B8A7900FCD9AC /* teslamodelS.jpg in Resources */ = {isa = PBXBuildFile; fileRef = AA78692C1D6B8A7900FCD9AC /* teslamodelS.jpg */; };
		AA78693D1D6B8A7900FCD9AC /* teslamodelX.jpg in Resources */ = {isa = PBXBuildFile; fileRef = AA78692D1D6B8A7900FCD9AC /* teslamodelX.jpg */; };
		AA78693E1D6B8A7900FCD9AC /* tweetdeck.jpg in Resources */ = {isa = PBXBuildFile; fileRef = AA78692E1D6B8A7900FCD9AC /* tweetdeck.jpg */; };
		AA78693F1D6B8A7900FCD9AC /* twitteralert.png in Resources */ = {isa = PBXBuildFile; fileRef = AA78692F1D6B8A7900FCD9AC /* twitteralert.png */; };
		AA7869401D6B8A7900FCD9AC /* ubertwitter.jpg in Resources */ = {isa = PBXBuildFile; fileRef = AA7869301D6B8A7900FCD9AC /* ubertwitter.jpg */; };
		AA7869421D6B8AA300FCD9AC /* img-companyLogo_Twitter.png in Resources */ = {isa = PBXBuildFile; fileRef = AA7869411D6B8AA300FCD9AC /* img-companyLogo_Twitter.png */; };
		AA7869441D6B8AB800FCD9AC /* img-companyLogo_Tesla.png in Resources */ = {isa = PBXBuildFile; fileRef = AA7869431D6B8AB800FCD9AC /* img-companyLogo_Tesla.png */; };
		AA7869471D6B8ACC00FCD9AC /* img-companyLogo_Apple.png in Resources */ = {isa = PBXBuildFile; fileRef = AA7869451D6B8ACC00FCD9AC /* img-companyLogo_Apple.png */; };
		AA7869481D6B8ACC00FCD9AC /* img-companyLogo_Google.png in Resources */ = {isa = PBXBuildFile; fileRef = AA7869461D6B8ACC00FCD9AC /* img-companyLogo_Google.png */; };
		AA78694B1D6B9CA300FCD9AC /* Product.m in Sources */ = {isa = PBXBuildFile; fileRef = AA78694A1D6B9CA300FCD9AC /* Product.m */; settings = {COMPILER_FLAGS = "-fno-objc-arc"; }; };
		AA78694E1D6B9CB800FCD9AC /* Company.m in Sources */ = {isa = PBXBuildFile; fileRef = AA78694D1D6B9CB800FCD9AC /* Company.m */; settings = {COMPILER_FLAGS = "-fno-objc-arc"; }; };
		AA96D2671D5CF340000BAD29 /* WebViewController.m in Sources */ = {isa = PBXBuildFile; fileRef = AA96D2661D5CF340000BAD29 /* WebViewController.m */; settings = {COMPILER_FLAGS = "-fno-objc-arc"; }; };
		AA982EBA1D8AFC3D0098CCDD /* AddCompanyViewController.m in Sources */ = {isa = PBXBuildFile; fileRef = AA982EB81D8AFC3D0098CCDD /* AddCompanyViewController.m */; };
		AA982EBB1D8AFC3D0098CCDD /* AddCompanyViewController.xib in Resources */ = {isa = PBXBuildFile; fileRef = AA982EB91D8AFC3D0098CCDD /* AddCompanyViewController.xib */; };
		AA982EBF1D8AFC860098CCDD /* AddProductViewController.m in Sources */ = {isa = PBXBuildFile; fileRef = AA982EBD1D8AFC860098CCDD /* AddProductViewController.m */; };
		AA982EC01D8AFC860098CCDD /* AddProductViewController.xib in Resources */ = {isa = PBXBuildFile; fileRef = AA982EBE1D8AFC860098CCDD /* AddProductViewController.xib */; };
		AAA38C481D5BBB7200C5E310 /* WebKit.framework in Frameworks */ = {isa = PBXBuildFile; fileRef = AAA38C471D5BBB7200C5E310 /* WebKit.framework */; };
		AAEA4BE71D6DEC76007B619E /* DAO.m in Sources */ = {isa = PBXBuildFile; fileRef = AAEA4BE61D6DEC76007B619E /* DAO.m */; settings = {COMPILER_FLAGS = "-fno-objc-arc"; }; };
/* End PBXBuildFile section */

/* Begin PBXContainerItemProxy section */
		48A656D118163BF200746D36 /* PBXContainerItemProxy */ = {
			isa = PBXContainerItemProxy;
			containerPortal = 48A656A918163BF200746D36 /* Project object */;
			proxyType = 1;
			remoteGlobalIDString = 48A656B018163BF200746D36;
			remoteInfo = NavCtrl;
		};
/* End PBXContainerItemProxy section */

/* Begin PBXFileReference section */
		48A656B118163BF200746D36 /* NavCtrl.app */ = {isa = PBXFileReference; explicitFileType = wrapper.application; includeInIndex = 0; path = NavCtrl.app; sourceTree = BUILT_PRODUCTS_DIR; };
		48A656B418163BF200746D36 /* Foundation.framework */ = {isa = PBXFileReference; lastKnownFileType = wrapper.framework; name = Foundation.framework; path = System/Library/Frameworks/Foundation.framework; sourceTree = SDKROOT; };
		48A656B618163BF200746D36 /* CoreGraphics.framework */ = {isa = PBXFileReference; lastKnownFileType = wrapper.framework; name = CoreGraphics.framework; path = System/Library/Frameworks/CoreGraphics.framework; sourceTree = SDKROOT; };
		48A656B818163BF200746D36 /* UIKit.framework */ = {isa = PBXFileReference; lastKnownFileType = wrapper.framework; name = UIKit.framework; path = System/Library/Frameworks/UIKit.framework; sourceTree = SDKROOT; };
		48A656BC18163BF200746D36 /* NavCtrl-Info.plist */ = {isa = PBXFileReference; lastKnownFileType = text.plist.xml; path = "NavCtrl-Info.plist"; sourceTree = "<group>"; };
		48A656BE18163BF200746D36 /* en */ = {isa = PBXFileReference; lastKnownFileType = text.plist.strings; name = en; path = en.lproj/InfoPlist.strings; sourceTree = "<group>"; };
		48A656C018163BF200746D36 /* main.m */ = {isa = PBXFileReference; lastKnownFileType = sourcecode.c.objc; path = main.m; sourceTree = "<group>"; };
		48A656C218163BF200746D36 /* NavCtrl-Prefix.pch */ = {isa = PBXFileReference; lastKnownFileType = sourcecode.c.h; path = "NavCtrl-Prefix.pch"; sourceTree = "<group>"; };
		48A656C318163BF200746D36 /* NavControllerAppDelegate.h */ = {isa = PBXFileReference; lastKnownFileType = sourcecode.c.h; path = NavControllerAppDelegate.h; sourceTree = "<group>"; };
		48A656C418163BF200746D36 /* NavControllerAppDelegate.m */ = {isa = PBXFileReference; lastKnownFileType = sourcecode.c.objc; path = NavControllerAppDelegate.m; sourceTree = "<group>"; };
		48A656C618163BF200746D36 /* Images.xcassets */ = {isa = PBXFileReference; lastKnownFileType = folder.assetcatalog; path = Images.xcassets; sourceTree = "<group>"; };
		48A656CC18163BF200746D36 /* NavCtrlTests.xctest */ = {isa = PBXFileReference; explicitFileType = wrapper.cfbundle; includeInIndex = 0; path = NavCtrlTests.xctest; sourceTree = BUILT_PRODUCTS_DIR; };
		48A656CD18163BF200746D36 /* XCTest.framework */ = {isa = PBXFileReference; lastKnownFileType = wrapper.framework; name = XCTest.framework; path = Library/Frameworks/XCTest.framework; sourceTree = DEVELOPER_DIR; };
		48A656D518163BF200746D36 /* NavCtrlTests-Info.plist */ = {isa = PBXFileReference; lastKnownFileType = text.plist.xml; path = "NavCtrlTests-Info.plist"; sourceTree = "<group>"; };
		48A656D718163BF200746D36 /* en */ = {isa = PBXFileReference; lastKnownFileType = text.plist.strings; name = en; path = en.lproj/InfoPlist.strings; sourceTree = "<group>"; };
		48A656D918163BF200746D36 /* NavCtrlTests.m */ = {isa = PBXFileReference; lastKnownFileType = sourcecode.c.objc; path = NavCtrlTests.m; sourceTree = "<group>"; };
		48A656E318163C1B00746D36 /* CompanyViewController.h */ = {isa = PBXFileReference; fileEncoding = 4; lastKnownFileType = sourcecode.c.h; name = CompanyViewController.h; path = ../CompanyViewController.h; sourceTree = "<group>"; };
		48A656E418163C1B00746D36 /* CompanyViewController.m */ = {isa = PBXFileReference; fileEncoding = 4; lastKnownFileType = sourcecode.c.objc; name = CompanyViewController.m; path = ../CompanyViewController.m; sourceTree = "<group>"; };
		48A656E518163C1B00746D36 /* CompanyViewController.xib */ = {isa = PBXFileReference; fileEncoding = 4; lastKnownFileType = file.xib; name = CompanyViewController.xib; path = ../CompanyViewController.xib; sourceTree = "<group>"; };
		48A656E818163F8700746D36 /* ProductViewController.h */ = {isa = PBXFileReference; fileEncoding = 4; lastKnownFileType = sourcecode.c.h; name = ProductViewController.h; path = ../ProductViewController.h; sourceTree = "<group>"; };
		48A656E918163F8700746D36 /* ProductViewController.m */ = {isa = PBXFileReference; fileEncoding = 4; lastKnownFileType = sourcecode.c.objc; name = ProductViewController.m; path = ../ProductViewController.m; sourceTree = "<group>"; };
		48A656ED1816468000746D36 /* Sunflower.gif */ = {isa = PBXFileReference; lastKnownFileType = image.gif; path = Sunflower.gif; sourceTree = "<group>"; };
		AA7869211D6B8A7900FCD9AC /* appleipad.gif */ = {isa = PBXFileReference; lastKnownFileType = image.gif; name = appleipad.gif; path = "Images.xcassets/Product Images/appleipad.gif"; sourceTree = "<group>"; };
		AA7869221D6B8A7900FCD9AC /* appleiphone.jpg */ = {isa = PBXFileReference; lastKnownFileType = image.jpeg; name = appleiphone.jpg; path = "Images.xcassets/Product Images/appleiphone.jpg"; sourceTree = "<group>"; };
		AA7869231D6B8A7900FCD9AC /* appleipodtouch.gif */ = {isa = PBXFileReference; lastKnownFileType = image.gif; name = appleipodtouch.gif; path = "Images.xcassets/Product Images/appleipodtouch.gif"; sourceTree = "<group>"; };
		AA7869241D6B8A7900FCD9AC /* google_gmail.png */ = {isa = PBXFileReference; lastKnownFileType = image.png; name = google_gmail.png; path = "Images.xcassets/Product Images/google_gmail.png"; sourceTree = "<group>"; };
		AA7869251D6B8A7900FCD9AC /* Google_Maps_Icon.png */ = {isa = PBXFileReference; lastKnownFileType = image.png; name = Google_Maps_Icon.png; path = "Images.xcassets/Product Images/Google_Maps_Icon.png"; sourceTree = "<group>"; };
		AA7869261D6B8A7900FCD9AC /* google-adwords-logo.png */ = {isa = PBXFileReference; lastKnownFileType = image.png; name = "google-adwords-logo.png"; path = "Images.xcassets/Product Images/google-adwords-logo.png"; sourceTree = "<group>"; };
		AA7869271D6B8A7900FCD9AC /* img-Product-01.png */ = {isa = PBXFileReference; lastKnownFileType = image.png; name = "img-Product-01.png"; path = "Images.xcassets/Product Images/img-Product-01.png"; sourceTree = "<group>"; };
		AA7869281D6B8A7900FCD9AC /* img-Product-01@1x.pdf */ = {isa = PBXFileReference; lastKnownFileType = image.pdf; name = "img-Product-01@1x.pdf"; path = "Images.xcassets/Product Images/img-Product-01@1x.pdf"; sourceTree = "<group>"; };
		AA7869291D6B8A7900FCD9AC /* img-Product-01@2x.png */ = {isa = PBXFileReference; lastKnownFileType = image.png; name = "img-Product-01@2x.png"; path = "Images.xcassets/Product Images/img-Product-01@2x.png"; sourceTree = "<group>"; };
		AA78692A1D6B8A7900FCD9AC /* img-Product-01@3x.png */ = {isa = PBXFileReference; lastKnownFileType = image.png; name = "img-Product-01@3x.png"; path = "Images.xcassets/Product Images/img-Product-01@3x.png"; sourceTree = "<group>"; };
		AA78692B1D6B8A7900FCD9AC /* teslamodel3.jpg */ = {isa = PBXFileReference; lastKnownFileType = image.jpeg; name = teslamodel3.jpg; path = "Images.xcassets/Product Images/teslamodel3.jpg"; sourceTree = "<group>"; };
		AA78692C1D6B8A7900FCD9AC /* teslamodelS.jpg */ = {isa = PBXFileReference; lastKnownFileType = image.jpeg; name = teslamodelS.jpg; path = "Images.xcassets/Product Images/teslamodelS.jpg"; sourceTree = "<group>"; };
		AA78692D1D6B8A7900FCD9AC /* teslamodelX.jpg */ = {isa = PBXFileReference; lastKnownFileType = image.jpeg; name = teslamodelX.jpg; path = "Images.xcassets/Product Images/teslamodelX.jpg"; sourceTree = "<group>"; };
		AA78692E1D6B8A7900FCD9AC /* tweetdeck.jpg */ = {isa = PBXFileReference; lastKnownFileType = image.jpeg; name = tweetdeck.jpg; path = "Images.xcassets/Product Images/tweetdeck.jpg"; sourceTree = "<group>"; };
		AA78692F1D6B8A7900FCD9AC /* twitteralert.png */ = {isa = PBXFileReference; lastKnownFileType = image.png; name = twitteralert.png; path = "Images.xcassets/Product Images/twitteralert.png"; sourceTree = "<group>"; };
		AA7869301D6B8A7900FCD9AC /* ubertwitter.jpg */ = {isa = PBXFileReference; lastKnownFileType = image.jpeg; name = ubertwitter.jpg; path = "Images.xcassets/Product Images/ubertwitter.jpg"; sourceTree = "<group>"; };
		AA7869411D6B8AA300FCD9AC /* img-companyLogo_Twitter.png */ = {isa = PBXFileReference; lastKnownFileType = image.png; name = "img-companyLogo_Twitter.png"; path = "Images.xcassets/Company Logos/img-companyLogo_Twitter.png"; sourceTree = "<group>"; };
		AA7869431D6B8AB800FCD9AC /* img-companyLogo_Tesla.png */ = {isa = PBXFileReference; lastKnownFileType = image.png; name = "img-companyLogo_Tesla.png"; path = "Images.xcassets/Company Logos/img-companyLogo_Tesla.png"; sourceTree = "<group>"; };
		AA7869451D6B8ACC00FCD9AC /* img-companyLogo_Apple.png */ = {isa = PBXFileReference; lastKnownFileType = image.png; name = "img-companyLogo_Apple.png"; path = "Images.xcassets/Company Logos/img-companyLogo_Apple.png"; sourceTree = "<group>"; };
		AA7869461D6B8ACC00FCD9AC /* img-companyLogo_Google.png */ = {isa = PBXFileReference; lastKnownFileType = image.png; name = "img-companyLogo_Google.png"; path = "Images.xcassets/Company Logos/img-companyLogo_Google.png"; sourceTree = "<group>"; };
		AA7869491D6B9CA300FCD9AC /* Product.h */ = {isa = PBXFileReference; fileEncoding = 4; lastKnownFileType = sourcecode.c.h; path = Product.h; sourceTree = "<group>"; };
		AA78694A1D6B9CA300FCD9AC /* Product.m */ = {isa = PBXFileReference; fileEncoding = 4; lastKnownFileType = sourcecode.c.objc; path = Product.m; sourceTree = "<group>"; };
		AA78694C1D6B9CB800FCD9AC /* Company.h */ = {isa = PBXFileReference; fileEncoding = 4; lastKnownFileType = sourcecode.c.h; path = Company.h; sourceTree = "<group>"; };
		AA78694D1D6B9CB800FCD9AC /* Company.m */ = {isa = PBXFileReference; fileEncoding = 4; lastKnownFileType = sourcecode.c.objc; path = Company.m; sourceTree = "<group>"; };
		AA96D2651D5CF340000BAD29 /* WebViewController.h */ = {isa = PBXFileReference; fileEncoding = 4; lastKnownFileType = sourcecode.c.h; path = WebViewController.h; sourceTree = "<group>"; };
		AA96D2661D5CF340000BAD29 /* WebViewController.m */ = {isa = PBXFileReference; fileEncoding = 4; lastKnownFileType = sourcecode.c.objc; path = WebViewController.m; sourceTree = "<group>"; };
		AA982EB71D8AFC3D0098CCDD /* AddCompanyViewController.h */ = {isa = PBXFileReference; fileEncoding = 4; lastKnownFileType = sourcecode.c.h; name = AddCompanyViewController.h; path = ../AddCompanyViewController.h; sourceTree = "<group>"; };
		AA982EB81D8AFC3D0098CCDD /* AddCompanyViewController.m */ = {isa = PBXFileReference; fileEncoding = 4; lastKnownFileType = sourcecode.c.objc; name = AddCompanyViewController.m; path = ../AddCompanyViewController.m; sourceTree = "<group>"; };
		AA982EB91D8AFC3D0098CCDD /* AddCompanyViewController.xib */ = {isa = PBXFileReference; fileEncoding = 4; lastKnownFileType = file.xib; name = AddCompanyViewController.xib; path = ../AddCompanyViewController.xib; sourceTree = "<group>"; };
		AA982EBC1D8AFC860098CCDD /* AddProductViewController.h */ = {isa = PBXFileReference; fileEncoding = 4; lastKnownFileType = sourcecode.c.h; path = AddProductViewController.h; sourceTree = "<group>"; };
		AA982EBD1D8AFC860098CCDD /* AddProductViewController.m */ = {isa = PBXFileReference; fileEncoding = 4; lastKnownFileType = sourcecode.c.objc; path = AddProductViewController.m; sourceTree = "<group>"; };
		AA982EBE1D8AFC860098CCDD /* AddProductViewController.xib */ = {isa = PBXFileReference; fileEncoding = 4; lastKnownFileType = file.xib; path = AddProductViewController.xib; sourceTree = "<group>"; };
		AAA38C471D5BBB7200C5E310 /* WebKit.framework */ = {isa = PBXFileReference; lastKnownFileType = wrapper.framework; name = WebKit.framework; path = System/Library/Frameworks/WebKit.framework; sourceTree = SDKROOT; };
		AAEA4BE51D6DEC76007B619E /* DAO.h */ = {isa = PBXFileReference; fileEncoding = 4; lastKnownFileType = sourcecode.c.h; path = DAO.h; sourceTree = "<group>"; };
		AAEA4BE61D6DEC76007B619E /* DAO.m */ = {isa = PBXFileReference; fileEncoding = 4; lastKnownFileType = sourcecode.c.objc; path = DAO.m; sourceTree = "<group>"; };
/* End PBXFileReference section */

/* Begin PBXFrameworksBuildPhase section */
		48A656AE18163BF200746D36 /* Frameworks */ = {
			isa = PBXFrameworksBuildPhase;
			buildActionMask = 2147483647;
			files = (
				AAA38C481D5BBB7200C5E310 /* WebKit.framework in Frameworks */,
				48A656B718163BF200746D36 /* CoreGraphics.framework in Frameworks */,
				48A656B918163BF200746D36 /* UIKit.framework in Frameworks */,
				48A656B518163BF200746D36 /* Foundation.framework in Frameworks */,
			);
			runOnlyForDeploymentPostprocessing = 0;
		};
		48A656C918163BF200746D36 /* Frameworks */ = {
			isa = PBXFrameworksBuildPhase;
			buildActionMask = 2147483647;
			files = (
				48A656CE18163BF200746D36 /* XCTest.framework in Frameworks */,
				48A656D018163BF200746D36 /* UIKit.framework in Frameworks */,
				48A656CF18163BF200746D36 /* Foundation.framework in Frameworks */,
			);
			runOnlyForDeploymentPostprocessing = 0;
		};
/* End PBXFrameworksBuildPhase section */

/* Begin PBXGroup section */
		483796CB1BCBF7A00062D5AB /* AppDelegate */ = {
			isa = PBXGroup;
			children = (
				48A656C318163BF200746D36 /* NavControllerAppDelegate.h */,
				48A656C418163BF200746D36 /* NavControllerAppDelegate.m */,
			);
			name = AppDelegate;
			sourceTree = "<group>";
		};
		483796CC1BCBF7C70062D5AB /* ParentViewController */ = {
			isa = PBXGroup;
			children = (
				48A656E318163C1B00746D36 /* CompanyViewController.h */,
				48A656E418163C1B00746D36 /* CompanyViewController.m */,
				48A656E518163C1B00746D36 /* CompanyViewController.xib */,
			);
			name = ParentViewController;
			sourceTree = "<group>";
		};
		483796CD1BCBF7EB0062D5AB /* ProductViewController */ = {
			isa = PBXGroup;
			children = (
				48A656E818163F8700746D36 /* ProductViewController.h */,
				48A656E918163F8700746D36 /* ProductViewController.m */,
				AA96D2651D5CF340000BAD29 /* WebViewController.h */,
				AA96D2661D5CF340000BAD29 /* WebViewController.m */,
			);
			name = ProductViewController;
			sourceTree = "<group>";
		};
		48A656A818163BF200746D36 = {
			isa = PBXGroup;
			children = (
				48A656BA18163BF200746D36 /* NavCtrl */,
				48A656D318163BF200746D36 /* NavCtrlTests */,
				48A656B318163BF200746D36 /* Frameworks */,
				48A656B218163BF200746D36 /* Products */,
			);
			sourceTree = "<group>";
		};
		48A656B218163BF200746D36 /* Products */ = {
			isa = PBXGroup;
			children = (
				48A656B118163BF200746D36 /* NavCtrl.app */,
				48A656CC18163BF200746D36 /* NavCtrlTests.xctest */,
			);
			name = Products;
			sourceTree = "<group>";
		};
		48A656B318163BF200746D36 /* Frameworks */ = {
			isa = PBXGroup;
			children = (
				AAA38C471D5BBB7200C5E310 /* WebKit.framework */,
				48A656B418163BF200746D36 /* Foundation.framework */,
				48A656B618163BF200746D36 /* CoreGraphics.framework */,
				48A656B818163BF200746D36 /* UIKit.framework */,
				48A656CD18163BF200746D36 /* XCTest.framework */,
			);
			name = Frameworks;
			sourceTree = "<group>";
		};
		48A656BA18163BF200746D36 /* NavCtrl */ = {
			isa = PBXGroup;
			children = (
				AA982EC21D8AFCA40098CCDD /* AddCompanyViewController */,
				AA982EC11D8AFC8F0098CCDD /* AddProductViewController */,
				AAEA4BE91D6E01E3007B619E /* Model */,
				483796CB1BCBF7A00062D5AB /* AppDelegate */,
				483796CC1BCBF7C70062D5AB /* ParentViewController */,
				483796CD1BCBF7EB0062D5AB /* ProductViewController */,
				48A656C618163BF200746D36 /* Images.xcassets */,
				48A656BB18163BF200746D36 /* Supporting Files */,
			);
			path = NavCtrl;
			sourceTree = "<group>";
		};
		48A656BB18163BF200746D36 /* Supporting Files */ = {
			isa = PBXGroup;
			children = (
				AA7869451D6B8ACC00FCD9AC /* img-companyLogo_Apple.png */,
				AA7869461D6B8ACC00FCD9AC /* img-companyLogo_Google.png */,
				AA7869431D6B8AB800FCD9AC /* img-companyLogo_Tesla.png */,
				AA7869411D6B8AA300FCD9AC /* img-companyLogo_Twitter.png */,
				AA7869211D6B8A7900FCD9AC /* appleipad.gif */,
				AA7869221D6B8A7900FCD9AC /* appleiphone.jpg */,
				AA7869231D6B8A7900FCD9AC /* appleipodtouch.gif */,
				AA7869241D6B8A7900FCD9AC /* google_gmail.png */,
				AA7869251D6B8A7900FCD9AC /* Google_Maps_Icon.png */,
				AA7869261D6B8A7900FCD9AC /* google-adwords-logo.png */,
				AA7869271D6B8A7900FCD9AC /* img-Product-01.png */,
				AA7869281D6B8A7900FCD9AC /* img-Product-01@1x.pdf */,
				AA7869291D6B8A7900FCD9AC /* img-Product-01@2x.png */,
				AA78692A1D6B8A7900FCD9AC /* img-Product-01@3x.png */,
				AA78692B1D6B8A7900FCD9AC /* teslamodel3.jpg */,
				AA78692C1D6B8A7900FCD9AC /* teslamodelS.jpg */,
				AA78692D1D6B8A7900FCD9AC /* teslamodelX.jpg */,
				AA78692E1D6B8A7900FCD9AC /* tweetdeck.jpg */,
				AA78692F1D6B8A7900FCD9AC /* twitteralert.png */,
				AA7869301D6B8A7900FCD9AC /* ubertwitter.jpg */,
				48A656ED1816468000746D36 /* Sunflower.gif */,
				48A656BC18163BF200746D36 /* NavCtrl-Info.plist */,
				48A656BD18163BF200746D36 /* InfoPlist.strings */,
				48A656C018163BF200746D36 /* main.m */,
				48A656C218163BF200746D36 /* NavCtrl-Prefix.pch */,
			);
			name = "Supporting Files";
			sourceTree = "<group>";
		};
		48A656D318163BF200746D36 /* NavCtrlTests */ = {
			isa = PBXGroup;
			children = (
				48A656D918163BF200746D36 /* NavCtrlTests.m */,
				48A656D418163BF200746D36 /* Supporting Files */,
			);
			path = NavCtrlTests;
			sourceTree = "<group>";
		};
		48A656D418163BF200746D36 /* Supporting Files */ = {
			isa = PBXGroup;
			children = (
				48A656D518163BF200746D36 /* NavCtrlTests-Info.plist */,
				48A656D618163BF200746D36 /* InfoPlist.strings */,
			);
			name = "Supporting Files";
			sourceTree = "<group>";
		};
		AA982EC11D8AFC8F0098CCDD /* AddProductViewController */ = {
			isa = PBXGroup;
			children = (
				AA982EBC1D8AFC860098CCDD /* AddProductViewController.h */,
				AA982EBD1D8AFC860098CCDD /* AddProductViewController.m */,
				AA982EBE1D8AFC860098CCDD /* AddProductViewController.xib */,
			);
			name = AddProductViewController;
			sourceTree = "<group>";
		};
		AA982EC21D8AFCA40098CCDD /* AddCompanyViewController */ = {
			isa = PBXGroup;
			children = (
				AA982EB71D8AFC3D0098CCDD /* AddCompanyViewController.h */,
				AA982EB81D8AFC3D0098CCDD /* AddCompanyViewController.m */,
				AA982EB91D8AFC3D0098CCDD /* AddCompanyViewController.xib */,
			);
			name = AddCompanyViewController;
			sourceTree = "<group>";
		};
		AAEA4BE91D6E01E3007B619E /* Model */ = {
			isa = PBXGroup;
			children = (
				AA78694C1D6B9CB800FCD9AC /* Company.h */,
				AA78694D1D6B9CB800FCD9AC /* Company.m */,
				AA7869491D6B9CA300FCD9AC /* Product.h */,
				AA78694A1D6B9CA300FCD9AC /* Product.m */,
				AAEA4BE51D6DEC76007B619E /* DAO.h */,
				AAEA4BE61D6DEC76007B619E /* DAO.m */,
			);
			name = Model;
			sourceTree = "<group>";
		};
/* End PBXGroup section */

/* Begin PBXNativeTarget section */
		48A656B018163BF200746D36 /* NavCtrl */ = {
			isa = PBXNativeTarget;
			buildConfigurationList = 48A656DD18163BF200746D36 /* Build configuration list for PBXNativeTarget "NavCtrl" */;
			buildPhases = (
				48A656AD18163BF200746D36 /* Sources */,
				48A656AE18163BF200746D36 /* Frameworks */,
				48A656AF18163BF200746D36 /* Resources */,
			);
			buildRules = (
			);
			dependencies = (
			);
			name = NavCtrl;
			productName = NavCtrl;
			productReference = 48A656B118163BF200746D36 /* NavCtrl.app */;
			productType = "com.apple.product-type.application";
		};
		48A656CB18163BF200746D36 /* NavCtrlTests */ = {
			isa = PBXNativeTarget;
			buildConfigurationList = 48A656E018163BF200746D36 /* Build configuration list for PBXNativeTarget "NavCtrlTests" */;
			buildPhases = (
				48A656C818163BF200746D36 /* Sources */,
				48A656C918163BF200746D36 /* Frameworks */,
				48A656CA18163BF200746D36 /* Resources */,
			);
			buildRules = (
			);
			dependencies = (
				48A656D218163BF200746D36 /* PBXTargetDependency */,
			);
			name = NavCtrlTests;
			productName = NavCtrlTests;
			productReference = 48A656CC18163BF200746D36 /* NavCtrlTests.xctest */;
			productType = "com.apple.product-type.bundle.unit-test";
		};
/* End PBXNativeTarget section */

/* Begin PBXProject section */
		48A656A918163BF200746D36 /* Project object */ = {
			isa = PBXProject;
			attributes = {
				CLASSPREFIX = qcdDemo;
				LastUpgradeCheck = 0700;
				ORGANIZATIONNAME = "Aditya Narayan";
				TargetAttributes = {
					48A656CB18163BF200746D36 = {
						TestTargetID = 48A656B018163BF200746D36;
					};
				};
			};
			buildConfigurationList = 48A656AC18163BF200746D36 /* Build configuration list for PBXProject "NavCtrl" */;
			compatibilityVersion = "Xcode 3.2";
			developmentRegion = English;
			hasScannedForEncodings = 0;
			knownRegions = (
				en,
			);
			mainGroup = 48A656A818163BF200746D36;
			productRefGroup = 48A656B218163BF200746D36 /* Products */;
			projectDirPath = "";
			projectRoot = "";
			targets = (
				48A656B018163BF200746D36 /* NavCtrl */,
				48A656CB18163BF200746D36 /* NavCtrlTests */,
			);
		};
/* End PBXProject section */

/* Begin PBXResourcesBuildPhase section */
		48A656AF18163BF200746D36 /* Resources */ = {
			isa = PBXResourcesBuildPhase;
			buildActionMask = 2147483647;
			files = (
				AA78693A1D6B8A7900FCD9AC /* img-Product-01@3x.png in Resources */,
				AA7869421D6B8AA300FCD9AC /* img-companyLogo_Twitter.png in Resources */,
				AA78693E1D6B8A7900FCD9AC /* tweetdeck.jpg in Resources */,
				AA7869341D6B8A7900FCD9AC /* google_gmail.png in Resources */,
				AA7869471D6B8ACC00FCD9AC /* img-companyLogo_Apple.png in Resources */,
				AA78693D1D6B8A7900FCD9AC /* teslamodelX.jpg in Resources */,
				AA7869481D6B8ACC00FCD9AC /* img-companyLogo_Google.png in Resources */,
				AA7869331D6B8A7900FCD9AC /* appleipodtouch.gif in Resources */,
				48A656EE1816468000746D36 /* Sunflower.gif in Resources */,
				48A656E718163C1B00746D36 /* CompanyViewController.xib in Resources */,
				AA7869311D6B8A7900FCD9AC /* appleipad.gif in Resources */,
				48A656BF18163BF200746D36 /* InfoPlist.strings in Resources */,
				AA7869321D6B8A7900FCD9AC /* appleiphone.jpg in Resources */,
				AA7869371D6B8A7900FCD9AC /* img-Product-01.png in Resources */,
				AA7869351D6B8A7900FCD9AC /* Google_Maps_Icon.png in Resources */,
				48A656C718163BF200746D36 /* Images.xcassets in Resources */,
				AA982EC01D8AFC860098CCDD /* AddProductViewController.xib in Resources */,
				AA7869441D6B8AB800FCD9AC /* img-companyLogo_Tesla.png in Resources */,
				AA78693B1D6B8A7900FCD9AC /* teslamodel3.jpg in Resources */,
				AA78693C1D6B8A7900FCD9AC /* teslamodelS.jpg in Resources */,
				AA7869361D6B8A7900FCD9AC /* google-adwords-logo.png in Resources */,
				AA7869391D6B8A7900FCD9AC /* img-Product-01@2x.png in Resources */,
				AA78693F1D6B8A7900FCD9AC /* twitteralert.png in Resources */,
				AA7869381D6B8A7900FCD9AC /* img-Product-01@1x.pdf in Resources */,
				AA7869401D6B8A7900FCD9AC /* ubertwitter.jpg in Resources */,
				AA982EBB1D8AFC3D0098CCDD /* AddCompanyViewController.xib in Resources */,
			);
			runOnlyForDeploymentPostprocessing = 0;
		};
		48A656CA18163BF200746D36 /* Resources */ = {
			isa = PBXResourcesBuildPhase;
			buildActionMask = 2147483647;
			files = (
				48A656D818163BF200746D36 /* InfoPlist.strings in Resources */,
			);
			runOnlyForDeploymentPostprocessing = 0;
		};
/* End PBXResourcesBuildPhase section */

/* Begin PBXSourcesBuildPhase section */
		48A656AD18163BF200746D36 /* Sources */ = {
			isa = PBXSourcesBuildPhase;
			buildActionMask = 2147483647;
			files = (
				AA982EBF1D8AFC860098CCDD /* AddProductViewController.m in Sources */,
				AA982EBA1D8AFC3D0098CCDD /* AddCompanyViewController.m in Sources */,
				48A656E618163C1B00746D36 /* CompanyViewController.m in Sources */,
				AA96D2671D5CF340000BAD29 /* WebViewController.m in Sources */,
				48A656C518163BF200746D36 /* NavControllerAppDelegate.m in Sources */,
				AA78694B1D6B9CA300FCD9AC /* Product.m in Sources */,
				AAEA4BE71D6DEC76007B619E /* DAO.m in Sources */,
				48A656C118163BF200746D36 /* main.m in Sources */,
				48A656EB18163F8700746D36 /* ProductViewController.m in Sources */,
				AA78694E1D6B9CB800FCD9AC /* Company.m in Sources */,
			);
			runOnlyForDeploymentPostprocessing = 0;
		};
		48A656C818163BF200746D36 /* Sources */ = {
			isa = PBXSourcesBuildPhase;
			buildActionMask = 2147483647;
			files = (
				48A656DA18163BF200746D36 /* NavCtrlTests.m in Sources */,
			);
			runOnlyForDeploymentPostprocessing = 0;
		};
/* End PBXSourcesBuildPhase section */

/* Begin PBXTargetDependency section */
		48A656D218163BF200746D36 /* PBXTargetDependency */ = {
			isa = PBXTargetDependency;
			target = 48A656B018163BF200746D36 /* NavCtrl */;
			targetProxy = 48A656D118163BF200746D36 /* PBXContainerItemProxy */;
		};
/* End PBXTargetDependency section */

/* Begin PBXVariantGroup section */
		48A656BD18163BF200746D36 /* InfoPlist.strings */ = {
			isa = PBXVariantGroup;
			children = (
				48A656BE18163BF200746D36 /* en */,
			);
			name = InfoPlist.strings;
			sourceTree = "<group>";
		};
		48A656D618163BF200746D36 /* InfoPlist.strings */ = {
			isa = PBXVariantGroup;
			children = (
				48A656D718163BF200746D36 /* en */,
			);
			name = InfoPlist.strings;
			sourceTree = "<group>";
		};
/* End PBXVariantGroup section */

/* Begin XCBuildConfiguration section */
		48A656DB18163BF200746D36 /* Debug */ = {
			isa = XCBuildConfiguration;
			buildSettings = {
				ALWAYS_SEARCH_USER_PATHS = NO;
				CLANG_CXX_LANGUAGE_STANDARD = "gnu++0x";
				CLANG_CXX_LIBRARY = "libc++";
				CLANG_ENABLE_MODULES = YES;
				CLANG_ENABLE_OBJC_ARC = YES;
				CLANG_WARN_BOOL_CONVERSION = YES;
				CLANG_WARN_CONSTANT_CONVERSION = YES;
				CLANG_WARN_DIRECT_OBJC_ISA_USAGE = YES_ERROR;
				CLANG_WARN_EMPTY_BODY = YES;
				CLANG_WARN_ENUM_CONVERSION = YES;
				CLANG_WARN_INT_CONVERSION = YES;
				CLANG_WARN_OBJC_ROOT_CLASS = YES_ERROR;
				CLANG_WARN__DUPLICATE_METHOD_MATCH = YES;
				"CODE_SIGN_IDENTITY[sdk=iphoneos*]" = "iPhone Developer";
				COPY_PHASE_STRIP = NO;
				ENABLE_TESTABILITY = YES;
				GCC_C_LANGUAGE_STANDARD = gnu99;
				GCC_DYNAMIC_NO_PIC = NO;
				GCC_OPTIMIZATION_LEVEL = 0;
				GCC_PREPROCESSOR_DEFINITIONS = (
					"DEBUG=1",
					"$(inherited)",
				);
				GCC_SYMBOLS_PRIVATE_EXTERN = NO;
				GCC_WARN_64_TO_32_BIT_CONVERSION = YES;
				GCC_WARN_ABOUT_RETURN_TYPE = YES_ERROR;
				GCC_WARN_UNDECLARED_SELECTOR = YES;
				GCC_WARN_UNINITIALIZED_AUTOS = YES;
				GCC_WARN_UNUSED_FUNCTION = YES;
				GCC_WARN_UNUSED_VARIABLE = YES;
				IPHONEOS_DEPLOYMENT_TARGET = 7.0;
				ONLY_ACTIVE_ARCH = YES;
				SDKROOT = iphoneos;
				TARGETED_DEVICE_FAMILY = 2;
			};
			name = Debug;
		};
		48A656DC18163BF200746D36 /* Release */ = {
			isa = XCBuildConfiguration;
			buildSettings = {
				ALWAYS_SEARCH_USER_PATHS = NO;
				CLANG_CXX_LANGUAGE_STANDARD = "gnu++0x";
				CLANG_CXX_LIBRARY = "libc++";
				CLANG_ENABLE_MODULES = YES;
				CLANG_ENABLE_OBJC_ARC = YES;
				CLANG_WARN_BOOL_CONVERSION = YES;
				CLANG_WARN_CONSTANT_CONVERSION = YES;
				CLANG_WARN_DIRECT_OBJC_ISA_USAGE = YES_ERROR;
				CLANG_WARN_EMPTY_BODY = YES;
				CLANG_WARN_ENUM_CONVERSION = YES;
				CLANG_WARN_INT_CONVERSION = YES;
				CLANG_WARN_OBJC_ROOT_CLASS = YES_ERROR;
				CLANG_WARN__DUPLICATE_METHOD_MATCH = YES;
				"CODE_SIGN_IDENTITY[sdk=iphoneos*]" = "iPhone Developer";
				COPY_PHASE_STRIP = YES;
				ENABLE_NS_ASSERTIONS = NO;
				GCC_C_LANGUAGE_STANDARD = gnu99;
				GCC_WARN_64_TO_32_BIT_CONVERSION = YES;
				GCC_WARN_ABOUT_RETURN_TYPE = YES_ERROR;
				GCC_WARN_UNDECLARED_SELECTOR = YES;
				GCC_WARN_UNINITIALIZED_AUTOS = YES;
				GCC_WARN_UNUSED_FUNCTION = YES;
				GCC_WARN_UNUSED_VARIABLE = YES;
				IPHONEOS_DEPLOYMENT_TARGET = 7.0;
				SDKROOT = iphoneos;
				TARGETED_DEVICE_FAMILY = 2;
				VALIDATE_PRODUCT = YES;
			};
			name = Release;
		};
		48A656DE18163BF200746D36 /* Debug */ = {
			isa = XCBuildConfiguration;
			buildSettings = {
				ASSETCATALOG_COMPILER_APPICON_NAME = AppIcon;
				ASSETCATALOG_COMPILER_LAUNCHIMAGE_NAME = LaunchImage;
				CLANG_ENABLE_OBJC_ARC = NO;
				GCC_PRECOMPILE_PREFIX_HEADER = YES;
				GCC_PREFIX_HEADER = "NavCtrl/NavCtrl-Prefix.pch";
				INFOPLIST_FILE = "NavCtrl/NavCtrl-Info.plist";
				PRODUCT_BUNDLE_IDENTIFIER = "qcd.${PRODUCT_NAME:rfc1034identifier}";
				PRODUCT_NAME = "$(TARGET_NAME)";
				WRAPPER_EXTENSION = app;
			};
			name = Debug;
		};
		48A656DF18163BF200746D36 /* Release */ = {
			isa = XCBuildConfiguration;
			buildSettings = {
				ASSETCATALOG_COMPILER_APPICON_NAME = AppIcon;
				ASSETCATALOG_COMPILER_LAUNCHIMAGE_NAME = LaunchImage;
				CLANG_ENABLE_OBJC_ARC = NO;
				GCC_PRECOMPILE_PREFIX_HEADER = YES;
				GCC_PREFIX_HEADER = "NavCtrl/NavCtrl-Prefix.pch";
				INFOPLIST_FILE = "NavCtrl/NavCtrl-Info.plist";
				PRODUCT_BUNDLE_IDENTIFIER = "qcd.${PRODUCT_NAME:rfc1034identifier}";
				PRODUCT_NAME = "$(TARGET_NAME)";
				WRAPPER_EXTENSION = app;
			};
			name = Release;
		};
		48A656E118163BF200746D36 /* Debug */ = {
			isa = XCBuildConfiguration;
			buildSettings = {
				BUNDLE_LOADER = "$(BUILT_PRODUCTS_DIR)/NavCtrl.app/NavCtrl";
				FRAMEWORK_SEARCH_PATHS = (
					"$(SDKROOT)/Developer/Library/Frameworks",
					"$(inherited)",
					"$(DEVELOPER_FRAMEWORKS_DIR)",
				);
				GCC_PRECOMPILE_PREFIX_HEADER = YES;
				GCC_PREFIX_HEADER = "NavCtrl/NavCtrl-Prefix.pch";
				GCC_PREPROCESSOR_DEFINITIONS = (
					"DEBUG=1",
					"$(inherited)",
				);
				INFOPLIST_FILE = "NavCtrlTests/NavCtrlTests-Info.plist";
				PRODUCT_BUNDLE_IDENTIFIER = "qcd.${PRODUCT_NAME:rfc1034identifier}";
				PRODUCT_NAME = "$(TARGET_NAME)";
				TEST_HOST = "$(BUNDLE_LOADER)";
				WRAPPER_EXTENSION = xctest;
			};
			name = Debug;
		};
		48A656E218163BF200746D36 /* Release */ = {
			isa = XCBuildConfiguration;
			buildSettings = {
				BUNDLE_LOADER = "$(BUILT_PRODUCTS_DIR)/NavCtrl.app/NavCtrl";
				FRAMEWORK_SEARCH_PATHS = (
					"$(SDKROOT)/Developer/Library/Frameworks",
					"$(inherited)",
					"$(DEVELOPER_FRAMEWORKS_DIR)",
				);
				GCC_PRECOMPILE_PREFIX_HEADER = YES;
				GCC_PREFIX_HEADER = "NavCtrl/NavCtrl-Prefix.pch";
				INFOPLIST_FILE = "NavCtrlTests/NavCtrlTests-Info.plist";
				PRODUCT_BUNDLE_IDENTIFIER = "qcd.${PRODUCT_NAME:rfc1034identifier}";
				PRODUCT_NAME = "$(TARGET_NAME)";
				TEST_HOST = "$(BUNDLE_LOADER)";
				WRAPPER_EXTENSION = xctest;
			};
			name = Release;
		};
/* End XCBuildConfiguration section */

/* Begin XCConfigurationList section */
		48A656AC18163BF200746D36 /* Build configuration list for PBXProject "NavCtrl" */ = {
			isa = XCConfigurationList;
			buildConfigurations = (
				48A656DB18163BF200746D36 /* Debug */,
				48A656DC18163BF200746D36 /* Release */,
			);
			defaultConfigurationIsVisible = 0;
			defaultConfigurationName = Release;
		};
		48A656DD18163BF200746D36 /* Build configuration list for PBXNativeTarget "NavCtrl" */ = {
			isa = XCConfigurationList;
			buildConfigurations = (
				48A656DE18163BF200746D36 /* Debug */,
				48A656DF18163BF200746D36 /* Release */,
			);
			defaultConfigurationIsVisible = 0;
			defaultConfigurationName = Release;
		};
		48A656E018163BF200746D36 /* Build configuration list for PBXNativeTarget "NavCtrlTests" */ = {
			isa = XCConfigurationList;
			buildConfigurations = (
				48A656E118163BF200746D36 /* Debug */,
				48A656E218163BF200746D36 /* Release */,
			);
			defaultConfigurationIsVisible = 0;
			defaultConfigurationName = Release;
		};
/* End XCConfigurationList section */
	};
	rootObject = 48A656A918163BF200746D36 /* Project object */;
}
